
Microsoft Visual Studio Solution File, Format Version 12.00
# Visual Studio Version 17
VisualStudioVersion = 17.11.35222.181
MinimumVisualStudioVersion = 10.0.40219.1
Project("{FAE04EC0-301F-11D3-BF4B-00C04F79EFBC}") = "222-Kaluzhskikh_Ochtova", "222-Kaluzhskikh_Ochtova\222-Kaluzhskikh_Ochtova.csproj", "{D5EA08A1-CFAF-475F-92A9-661F88D1476F}"
EndProject
Global
	GlobalSection(SolutionConfigurationPlatforms) = preSolution
		Debug|Any CPU = Debug|Any CPU
		Release|Any CPU = Release|Any CPU
	EndGlobalSection
	GlobalSection(ProjectConfigurationPlatforms) = postSolution
		{D5EA08A1-CFAF-475F-92A9-661F88D1476F}.Debug|Any CPU.ActiveCfg = Debug|Any CPU
		{D5EA08A1-CFAF-475F-92A9-661F88D1476F}.Debug|Any CPU.Build.0 = Debug|Any CPU
		{D5EA08A1-CFAF-475F-92A9-661F88D1476F}.Release|Any CPU.ActiveCfg = Release|Any CPU
		{D5EA08A1-CFAF-475F-92A9-661F88D1476F}.Release|Any CPU.Build.0 = Release|Any CPU
	EndGlobalSection
	GlobalSection(SolutionProperties) = preSolution
		HideSolutionNode = FALSE
	EndGlobalSection
	GlobalSection(ExtensibilityGlobals) = postSolution
		SolutionGuid = {FA50BF45-B576-4E28-8332-CA0AA396298F}
	EndGlobalSection
EndGlobal
